
Microsoft Visual Studio Solution File, Format Version 12.00
# Visual Studio 15
VisualStudioVersion = 15.0.28307.757
MinimumVisualStudioVersion = 10.0.40219.1
Project("{9A19103F-16F7-4668-BE54-9A1E7A4F7556}") = "CANDELABIAF", "CANDELABIAF\CANDELABIAF.csproj", "{69689E4D-C622-4E6A-90A6-660C95263022}"
EndProject
Global
	GlobalSection(SolutionConfigurationPlatforms) = preSolution
		Debug|Any CPU = Debug|Any CPU
		Release|Any CPU = Release|Any CPU
	EndGlobalSection
	GlobalSection(ProjectConfigurationPlatforms) = postSolution
		{69689E4D-C622-4E6A-90A6-660C95263022}.Debug|Any CPU.ActiveCfg = Debug|Any CPU
		{69689E4D-C622-4E6A-90A6-660C95263022}.Debug|Any CPU.Build.0 = Debug|Any CPU
		{69689E4D-C622-4E6A-90A6-660C95263022}.Release|Any CPU.ActiveCfg = Release|Any CPU
		{69689E4D-C622-4E6A-90A6-660C95263022}.Release|Any CPU.Build.0 = Release|Any CPU
	EndGlobalSection
	GlobalSection(SolutionProperties) = preSolution
		HideSolutionNode = FALSE
	EndGlobalSection
	GlobalSection(ExtensibilityGlobals) = postSolution
		SolutionGuid = {2C08076A-926C-4DD4-A4C8-7579FBEA24EF}
	EndGlobalSection
EndGlobal
